
Microsoft Visual Studio Solution File, Format Version 12.00
# Visual Studio Version 17
VisualStudioVersion = 17.11.35431.28
MinimumVisualStudioVersion = 10.0.40219.1
Project("{FAE04EC0-301F-11D3-BF4B-00C04F79EFBC}") = "MiWebAPI", "MiWebAPI.csproj", "{58C15912-A30A-4B36-8059-AA7DD93ED9A5}"
EndProject
Global
	GlobalSection(SolutionConfigurationPlatforms) = preSolution
		Debug|Any CPU = Debug|Any CPU
		Release|Any CPU = Release|Any CPU
	EndGlobalSection
	GlobalSection(ProjectConfigurationPlatforms) = postSolution
		{58C15912-A30A-4B36-8059-AA7DD93ED9A5}.Debug|Any CPU.ActiveCfg = Debug|Any CPU
		{58C15912-A30A-4B36-8059-AA7DD93ED9A5}.Debug|Any CPU.Build.0 = Debug|Any CPU
		{58C15912-A30A-4B36-8059-AA7DD93ED9A5}.Release|Any CPU.ActiveCfg = Release|Any CPU
		{58C15912-A30A-4B36-8059-AA7DD93ED9A5}.Release|Any CPU.Build.0 = Release|Any CPU
	EndGlobalSection
	GlobalSection(SolutionProperties) = preSolution
		HideSolutionNode = FALSE
	EndGlobalSection
	GlobalSection(ExtensibilityGlobals) = postSolution
		SolutionGuid = {9F3AB926-7498-463E-B85F-670EA7F61952}
	EndGlobalSection
EndGlobal
